
Microsoft Visual Studio Solution File, Format Version 12.00
# Visual Studio Version 17
VisualStudioVersion = 17.10.35027.167
MinimumVisualStudioVersion = 10.0.40219.1
Project("{FAE04EC0-301F-11D3-BF4B-00C04F79EFBC}") = "TestWebsite", "TestWebsite.csproj", "{FEBEF88C-1204-4B82-89C2-81E632931D58}"
EndProject
Global
	GlobalSection(SolutionConfigurationPlatforms) = preSolution
		Debug|Any CPU = Debug|Any CPU
		Release|Any CPU = Release|Any CPU
	EndGlobalSection
	GlobalSection(ProjectConfigurationPlatforms) = postSolution
		{FEBEF88C-1204-4B82-89C2-81E632931D58}.Debug|Any CPU.ActiveCfg = Debug|Any CPU
		{FEBEF88C-1204-4B82-89C2-81E632931D58}.Debug|Any CPU.Build.0 = Debug|Any CPU
		{FEBEF88C-1204-4B82-89C2-81E632931D58}.Release|Any CPU.ActiveCfg = Release|Any CPU
		{FEBEF88C-1204-4B82-89C2-81E632931D58}.Release|Any CPU.Build.0 = Release|Any CPU
	EndGlobalSection
	GlobalSection(SolutionProperties) = preSolution
		HideSolutionNode = FALSE
	EndGlobalSection
	GlobalSection(ExtensibilityGlobals) = postSolution
		SolutionGuid = {630A58D0-F4C9-4B96-9D8C-4AA35EB05200}
	EndGlobalSection
EndGlobal
